// !$*UTF8*$!
{
	archiveVersion = 1;
	classes = {
	};
	objectVersion = 46;
	objects = {

/* Begin PBXBuildFile section */
		141BAE4C14F1AC0C00FAB375 /* BoardView.m in Sources */ = {isa = PBXBuildFile; fileRef = 141BAE4B14F1AC0C00FAB375 /* BoardView.m */; };
		141BAE5414F1BFCF00FAB375 /* SudokuBoard.m in Sources */ = {isa = PBXBuildFile; fileRef = 141BAE5314F1BFCF00FAB375 /* SudokuBoard.m */; };
		141BAE5714F1C79900FAB375 /* ButtonsView.m in Sources */ = {isa = PBXBuildFile; fileRef = 141BAE5614F1C79800FAB375 /* ButtonsView.m */; };
		147E6D6B14F5744A00CDA994 /* BoardTile.m in Sources */ = {isa = PBXBuildFile; fileRef = 147E6D6A14F5744A00CDA994 /* BoardTile.m */; };
		147E6D6E14F5A91200CDA994 /* hard.plist in Resources */ = {isa = PBXBuildFile; fileRef = 147E6D6D14F5A91200CDA994 /* hard.plist */; };
		147E6D7014F5A91700CDA994 /* simple.plist in Resources */ = {isa = PBXBuildFile; fileRef = 147E6D6F14F5A91700CDA994 /* simple.plist */; };
		149ED5E514F4534400700E4A /* pencil.png in Resources */ = {isa = PBXBuildFile; fileRef = 149ED5E414F4534400700E4A /* pencil.png */; };
		149ED5E814F453B800700E4A /* menu-i.gif in Resources */ = {isa = PBXBuildFile; fileRef = 149ED5E714F453B800700E4A /* menu-i.gif */; };
		149ED5EA14F453E100700E4A /* text_cancel.png in Resources */ = {isa = PBXBuildFile; fileRef = 149ED5E914F453E100700E4A /* text_cancel.png */; };
		14BDCB5214F4327B00D792D1 /* QuartzCore.framework in Frameworks */ = {isa = PBXBuildFile; fileRef = 14BDCB5114F4327B00D792D1 /* QuartzCore.framework */; };
		300F3A5A14E4823500314AEA /* UIKit.framework in Frameworks */ = {isa = PBXBuildFile; fileRef = 300F3A5914E4823500314AEA /* UIKit.framework */; };
		300F3A5C14E4823500314AEA /* Foundation.framework in Frameworks */ = {isa = PBXBuildFile; fileRef = 300F3A5B14E4823500314AEA /* Foundation.framework */; };
		300F3A5E14E4823500314AEA /* CoreGraphics.framework in Frameworks */ = {isa = PBXBuildFile; fileRef = 300F3A5D14E4823500314AEA /* CoreGraphics.framework */; };
		300F3A6414E4823500314AEA /* InfoPlist.strings in Resources */ = {isa = PBXBuildFile; fileRef = 300F3A6214E4823500314AEA /* InfoPlist.strings */; };
		300F3A6614E4823500314AEA /* main.m in Sources */ = {isa = PBXBuildFile; fileRef = 300F3A6514E4823500314AEA /* main.m */; };
		300F3A6A14E4823500314AEA /* SudokuAppDelegate.m in Sources */ = {isa = PBXBuildFile; fileRef = 300F3A6914E4823500314AEA /* SudokuAppDelegate.m */; };
		300F3A6D14E4823500314AEA /* SudokuViewController.m in Sources */ = {isa = PBXBuildFile; fileRef = 300F3A6C14E4823500314AEA /* SudokuViewController.m */; };
		300F3A7014E4823500314AEA /* SudokuViewController.xib in Resources */ = {isa = PBXBuildFile; fileRef = 300F3A6E14E4823500314AEA /* SudokuViewController.xib */; };
/* End PBXBuildFile section */

/* Begin PBXFileReference section */
		141BAE4A14F1AC0C00FAB375 /* BoardView.h */ = {isa = PBXFileReference; fileEncoding = 4; lastKnownFileType = sourcecode.c.h; path = BoardView.h; sourceTree = "<group>"; };
		141BAE4B14F1AC0C00FAB375 /* BoardView.m */ = {isa = PBXFileReference; fileEncoding = 4; lastKnownFileType = sourcecode.c.objc; path = BoardView.m; sourceTree = "<group>"; };
		141BAE5214F1BFCF00FAB375 /* SudokuBoard.h */ = {isa = PBXFileReference; fileEncoding = 4; lastKnownFileType = sourcecode.c.h; path = SudokuBoard.h; sourceTree = "<group>"; };
		141BAE5314F1BFCF00FAB375 /* SudokuBoard.m */ = {isa = PBXFileReference; fileEncoding = 4; lastKnownFileType = sourcecode.c.objc; path = SudokuBoard.m; sourceTree = "<group>"; };
		141BAE5514F1C79800FAB375 /* ButtonsView.h */ = {isa = PBXFileReference; fileEncoding = 4; lastKnownFileType = sourcecode.c.h; path = ButtonsView.h; sourceTree = "<group>"; };
		141BAE5614F1C79800FAB375 /* ButtonsView.m */ = {isa = PBXFileReference; fileEncoding = 4; lastKnownFileType = sourcecode.c.objc; path = ButtonsView.m; sourceTree = "<group>"; };
		147E6D6914F5744A00CDA994 /* BoardTile.h */ = {isa = PBXFileReference; fileEncoding = 4; lastKnownFileType = sourcecode.c.h; path = BoardTile.h; sourceTree = "<group>"; };
		147E6D6A14F5744A00CDA994 /* BoardTile.m */ = {isa = PBXFileReference; fileEncoding = 4; lastKnownFileType = sourcecode.c.objc; path = BoardTile.m; sourceTree = "<group>"; };
		147E6D6D14F5A91200CDA994 /* hard.plist */ = {isa = PBXFileReference; fileEncoding = 4; lastKnownFileType = text.plist.xml; path = hard.plist; sourceTree = "<group>"; };
		147E6D6F14F5A91700CDA994 /* simple.plist */ = {isa = PBXFileReference; fileEncoding = 4; lastKnownFileType = text.plist.xml; path = simple.plist; sourceTree = "<group>"; };
		149ED5E414F4534400700E4A /* pencil.png */ = {isa = PBXFileReference; lastKnownFileType = image.png; path = pencil.png; sourceTree = "<group>"; };
		149ED5E714F453B800700E4A /* menu-i.gif */ = {isa = PBXFileReference; lastKnownFileType = image.gif; path = "menu-i.gif"; sourceTree = "<group>"; };
		149ED5E914F453E100700E4A /* text_cancel.png */ = {isa = PBXFileReference; lastKnownFileType = image.png; path = text_cancel.png; sourceTree = "<group>"; };
		14BDCB5114F4327B00D792D1 /* QuartzCore.framework */ = {isa = PBXFileReference; lastKnownFileType = wrapper.framework; name = QuartzCore.framework; path = System/Library/Frameworks/QuartzCore.framework; sourceTree = SDKROOT; };
		300F3A5514E4823500314AEA /* Sudoku.app */ = {isa = PBXFileReference; explicitFileType = wrapper.application; includeInIndex = 0; path = Sudoku.app; sourceTree = BUILT_PRODUCTS_DIR; };
		300F3A5914E4823500314AEA /* UIKit.framework */ = {isa = PBXFileReference; lastKnownFileType = wrapper.framework; name = UIKit.framework; path = System/Library/Frameworks/UIKit.framework; sourceTree = SDKROOT; };
		300F3A5B14E4823500314AEA /* Foundation.framework */ = {isa = PBXFileReference; lastKnownFileType = wrapper.framework; name = Foundation.framework; path = System/Library/Frameworks/Foundation.framework; sourceTree = SDKROOT; };
		300F3A5D14E4823500314AEA /* CoreGraphics.framework */ = {isa = PBXFileReference; lastKnownFileType = wrapper.framework; name = CoreGraphics.framework; path = System/Library/Frameworks/CoreGraphics.framework; sourceTree = SDKROOT; };
		300F3A6114E4823500314AEA /* Sudoku-Info.plist */ = {isa = PBXFileReference; lastKnownFileType = text.plist.xml; path = "Sudoku-Info.plist"; sourceTree = "<group>"; };
		300F3A6314E4823500314AEA /* en */ = {isa = PBXFileReference; lastKnownFileType = text.plist.strings; name = en; path = en.lproj/InfoPlist.strings; sourceTree = "<group>"; };
		300F3A6514E4823500314AEA /* main.m */ = {isa = PBXFileReference; lastKnownFileType = sourcecode.c.objc; path = main.m; sourceTree = "<group>"; };
		300F3A6714E4823500314AEA /* Sudoku-Prefix.pch */ = {isa = PBXFileReference; lastKnownFileType = sourcecode.c.h; path = "Sudoku-Prefix.pch"; sourceTree = "<group>"; };
		300F3A6814E4823500314AEA /* SudokuAppDelegate.h */ = {isa = PBXFileReference; lastKnownFileType = sourcecode.c.h; path = SudokuAppDelegate.h; sourceTree = "<group>"; };
		300F3A6914E4823500314AEA /* SudokuAppDelegate.m */ = {isa = PBXFileReference; lastKnownFileType = sourcecode.c.objc; path = SudokuAppDelegate.m; sourceTree = "<group>"; };
		300F3A6B14E4823500314AEA /* SudokuViewController.h */ = {isa = PBXFileReference; lastKnownFileType = sourcecode.c.h; path = SudokuViewController.h; sourceTree = "<group>"; };
		300F3A6C14E4823500314AEA /* SudokuViewController.m */ = {isa = PBXFileReference; lastKnownFileType = sourcecode.c.objc; path = SudokuViewController.m; sourceTree = "<group>"; };
		300F3A6F14E4823500314AEA /* en */ = {isa = PBXFileReference; lastKnownFileType = file.xib; name = en; path = en.lproj/SudokuViewController.xib; sourceTree = "<group>"; };
/* End PBXFileReference section */

/* Begin PBXFrameworksBuildPhase section */
		300F3A5214E4823500314AEA /* Frameworks */ = {
			isa = PBXFrameworksBuildPhase;
			buildActionMask = 2147483647;
			files = (
				14BDCB5214F4327B00D792D1 /* QuartzCore.framework in Frameworks */,
				300F3A5A14E4823500314AEA /* UIKit.framework in Frameworks */,
				300F3A5C14E4823500314AEA /* Foundation.framework in Frameworks */,
				300F3A5E14E4823500314AEA /* CoreGraphics.framework in Frameworks */,
			);
			runOnlyForDeploymentPostprocessing = 0;
		};
/* End PBXFrameworksBuildPhase section */

/* Begin PBXGroup section */
		300F3A4A14E4823500314AEA = {
			isa = PBXGroup;
			children = (
				14BDCB5114F4327B00D792D1 /* QuartzCore.framework */,
				300F3A5F14E4823500314AEA /* Sudoku */,
				300F3A5814E4823500314AEA /* Frameworks */,
				300F3A5614E4823500314AEA /* Products */,
			);
			sourceTree = "<group>";
		};
		300F3A5614E4823500314AEA /* Products */ = {
			isa = PBXGroup;
			children = (
				300F3A5514E4823500314AEA /* Sudoku.app */,
			);
			name = Products;
			sourceTree = "<group>";
		};
		300F3A5814E4823500314AEA /* Frameworks */ = {
			isa = PBXGroup;
			children = (
				300F3A5914E4823500314AEA /* UIKit.framework */,
				300F3A5B14E4823500314AEA /* Foundation.framework */,
				300F3A5D14E4823500314AEA /* CoreGraphics.framework */,
			);
			name = Frameworks;
			sourceTree = "<group>";
		};
		300F3A5F14E4823500314AEA /* Sudoku */ = {
			isa = PBXGroup;
			children = (
				147E6D6F14F5A91700CDA994 /* simple.plist */,
				147E6D6D14F5A91200CDA994 /* hard.plist */,
				300F3A6814E4823500314AEA /* SudokuAppDelegate.h */,
				300F3A6914E4823500314AEA /* SudokuAppDelegate.m */,
				141BAE4A14F1AC0C00FAB375 /* BoardView.h */,
				141BAE4B14F1AC0C00FAB375 /* BoardView.m */,
				300F3A6B14E4823500314AEA /* SudokuViewController.h */,
				300F3A6C14E4823500314AEA /* SudokuViewController.m */,
				300F3A6E14E4823500314AEA /* SudokuViewController.xib */,
				141BAE5214F1BFCF00FAB375 /* SudokuBoard.h */,
				141BAE5314F1BFCF00FAB375 /* SudokuBoard.m */,
				147E6D6914F5744A00CDA994 /* BoardTile.h */,
				147E6D6A14F5744A00CDA994 /* BoardTile.m */,
				141BAE5514F1C79800FAB375 /* ButtonsView.h */,
				141BAE5614F1C79800FAB375 /* ButtonsView.m */,
				149ED5E714F453B800700E4A /* menu-i.gif */,
				149ED5E414F4534400700E4A /* pencil.png */,
				149ED5E914F453E100700E4A /* text_cancel.png */,
				300F3A6014E4823500314AEA /* Supporting Files */,
			);
			path = Sudoku;
			sourceTree = "<group>";
		};
		300F3A6014E4823500314AEA /* Supporting Files */ = {
			isa = PBXGroup;
			children = (
				300F3A6114E4823500314AEA /* Sudoku-Info.plist */,
				300F3A6214E4823500314AEA /* InfoPlist.strings */,
				300F3A6514E4823500314AEA /* main.m */,
				300F3A6714E4823500314AEA /* Sudoku-Prefix.pch */,
			);
			name = "Supporting Files";
			sourceTree = "<group>";
		};
/* End PBXGroup section */

/* Begin PBXNativeTarget section */
		300F3A5414E4823500314AEA /* Sudoku */ = {
			isa = PBXNativeTarget;
			buildConfigurationList = 300F3A7314E4823500314AEA /* Build configuration list for PBXNativeTarget "Sudoku" */;
			buildPhases = (
				300F3A5114E4823500314AEA /* Sources */,
				300F3A5214E4823500314AEA /* Frameworks */,
				300F3A5314E4823500314AEA /* Resources */,
			);
			buildRules = (
			);
			dependencies = (
			);
			name = Sudoku;
			productName = Sudoku;
			productReference = 300F3A5514E4823500314AEA /* Sudoku.app */;
			productType = "com.apple.product-type.application";
		};
/* End PBXNativeTarget section */

/* Begin PBXProject section */
		300F3A4C14E4823500314AEA /* Project object */ = {
			isa = PBXProject;
			attributes = {
				LastUpgradeCheck = 0420;
				ORGANIZATIONNAME = "Washington State University";
			};
			buildConfigurationList = 300F3A4F14E4823500314AEA /* Build configuration list for PBXProject "Sudoku" */;
			compatibilityVersion = "Xcode 3.2";
			developmentRegion = English;
			hasScannedForEncodings = 0;
			knownRegions = (
				en,
			);
			mainGroup = 300F3A4A14E4823500314AEA;
			productRefGroup = 300F3A5614E4823500314AEA /* Products */;
			projectDirPath = "";
			projectRoot = "";
			targets = (
				300F3A5414E4823500314AEA /* Sudoku */,
			);
		};
/* End PBXProject section */

/* Begin PBXResourcesBuildPhase section */
		300F3A5314E4823500314AEA /* Resources */ = {
			isa = PBXResourcesBuildPhase;
			buildActionMask = 2147483647;
			files = (
				300F3A6414E4823500314AEA /* InfoPlist.strings in Resources */,
				300F3A7014E4823500314AEA /* SudokuViewController.xib in Resources */,
				149ED5E514F4534400700E4A /* pencil.png in Resources */,
				149ED5E814F453B800700E4A /* menu-i.gif in Resources */,
				149ED5EA14F453E100700E4A /* text_cancel.png in Resources */,
				147E6D6E14F5A91200CDA994 /* hard.plist in Resources */,
				147E6D7014F5A91700CDA994 /* simple.plist in Resources */,
			);
			runOnlyForDeploymentPostprocessing = 0;
		};
/* End PBXResourcesBuildPhase section */

/* Begin PBXSourcesBuildPhase section */
		300F3A5114E4823500314AEA /* Sources */ = {
			isa = PBXSourcesBuildPhase;
			buildActionMask = 2147483647;
			files = (
				300F3A6614E4823500314AEA /* main.m in Sources */,
				300F3A6A14E4823500314AEA /* SudokuAppDelegate.m in Sources */,
				300F3A6D14E4823500314AEA /* SudokuViewController.m in Sources */,
				141BAE4C14F1AC0C00FAB375 /* BoardView.m in Sources */,
				141BAE5414F1BFCF00FAB375 /* SudokuBoard.m in Sources */,
				141BAE5714F1C79900FAB375 /* ButtonsView.m in Sources */,
				147E6D6B14F5744A00CDA994 /* BoardTile.m in Sources */,
			);
			runOnlyForDeploymentPostprocessing = 0;
		};
/* End PBXSourcesBuildPhase section */

/* Begin PBXVariantGroup section */
		300F3A6214E4823500314AEA /* InfoPlist.strings */ = {
			isa = PBXVariantGroup;
			children = (
				300F3A6314E4823500314AEA /* en */,
			);
			name = InfoPlist.strings;
			sourceTree = "<group>";
		};
		300F3A6E14E4823500314AEA /* SudokuViewController.xib */ = {
			isa = PBXVariantGroup;
			children = (
				300F3A6F14E4823500314AEA /* en */,
			);
			name = SudokuViewController.xib;
			sourceTree = "<group>";
		};
/* End PBXVariantGroup section */

/* Begin XCBuildConfiguration section */
		300F3A7114E4823500314AEA /* Debug */ = {
			isa = XCBuildConfiguration;
			buildSettings = {
				ALWAYS_SEARCH_USER_PATHS = NO;
				ARCHS = "$(ARCHS_STANDARD_32_BIT)";
				CLANG_ENABLE_OBJC_ARC = YES;
				"CODE_SIGN_IDENTITY[sdk=iphoneos*]" = "iPhone Developer";
				COPY_PHASE_STRIP = NO;
				GCC_C_LANGUAGE_STANDARD = gnu99;
				GCC_DYNAMIC_NO_PIC = NO;
				GCC_OPTIMIZATION_LEVEL = 0;
				GCC_PREPROCESSOR_DEFINITIONS = (
					"DEBUG=1",
					"$(inherited)",
				);
				GCC_SYMBOLS_PRIVATE_EXTERN = NO;
				GCC_VERSION = com.apple.compilers.llvm.clang.1_0;
				GCC_WARN_ABOUT_MISSING_PROTOTYPES = YES;
				GCC_WARN_ABOUT_RETURN_TYPE = YES;
				GCC_WARN_UNUSED_VARIABLE = YES;
				IPHONEOS_DEPLOYMENT_TARGET = 5.0;
				SDKROOT = iphoneos;
			};
			name = Debug;
		};
		300F3A7214E4823500314AEA /* Release */ = {
			isa = XCBuildConfiguration;
			buildSettings = {
				ALWAYS_SEARCH_USER_PATHS = NO;
				ARCHS = "$(ARCHS_STANDARD_32_BIT)";
				CLANG_ENABLE_OBJC_ARC = YES;
				"CODE_SIGN_IDENTITY[sdk=iphoneos*]" = "iPhone Developer";
				COPY_PHASE_STRIP = YES;
				GCC_C_LANGUAGE_STANDARD = gnu99;
				GCC_VERSION = com.apple.compilers.llvm.clang.1_0;
				GCC_WARN_ABOUT_MISSING_PROTOTYPES = YES;
				GCC_WARN_ABOUT_RETURN_TYPE = YES;
				GCC_WARN_UNUSED_VARIABLE = YES;
				IPHONEOS_DEPLOYMENT_TARGET = 5.0;
				OTHER_CFLAGS = "-DNS_BLOCK_ASSERTIONS=1";
				SDKROOT = iphoneos;
				VALIDATE_PRODUCT = YES;
			};
			name = Release;
		};
		300F3A7414E4823500314AEA /* Debug */ = {
			isa = XCBuildConfiguration;
			buildSettings = {
				CLANG_WARN_OBJCPP_ARC_ABI = NO;
				GCC_PRECOMPILE_PREFIX_HEADER = YES;
				GCC_PREFIX_HEADER = "Sudoku/Sudoku-Prefix.pch";
				INFOPLIST_FILE = "Sudoku/Sudoku-Info.plist";
				PRODUCT_NAME = "$(TARGET_NAME)";
				WRAPPER_EXTENSION = app;
			};
			name = Debug;
		};
		300F3A7514E4823500314AEA /* Release */ = {
			isa = XCBuildConfiguration;
			buildSettings = {
				CLANG_WARN_OBJCPP_ARC_ABI = NO;
				GCC_PRECOMPILE_PREFIX_HEADER = YES;
				GCC_PREFIX_HEADER = "Sudoku/Sudoku-Prefix.pch";
				INFOPLIST_FILE = "Sudoku/Sudoku-Info.plist";
				PRODUCT_NAME = "$(TARGET_NAME)";
				WRAPPER_EXTENSION = app;
			};
			name = Release;
		};
/* End XCBuildConfiguration section */

/* Begin XCConfigurationList section */
		300F3A4F14E4823500314AEA /* Build configuration list for PBXProject "Sudoku" */ = {
			isa = XCConfigurationList;
			buildConfigurations = (
				300F3A7114E4823500314AEA /* Debug */,
				300F3A7214E4823500314AEA /* Release */,
			);
			defaultConfigurationIsVisible = 0;
			defaultConfigurationName = Release;
		};
		300F3A7314E4823500314AEA /* Build configuration list for PBXNativeTarget "Sudoku" */ = {
			isa = XCConfigurationList;
			buildConfigurations = (
				300F3A7414E4823500314AEA /* Debug */,
				300F3A7514E4823500314AEA /* Release */,
			);
			defaultConfigurationIsVisible = 0;
			defaultConfigurationName = Release;
		};
/* End XCConfigurationList section */
	};
	rootObject = 300F3A4C14E4823500314AEA /* Project object */;
}
